
Microsoft Visual Studio Solution File, Format Version 12.00
# Visual Studio Version 17
VisualStudioVersion = 17.11.35222.181
MinimumVisualStudioVersion = 10.0.40219.1
Project("{9A19103F-16F7-4668-BE54-9A1E7A4F7556}") = "Dash.Server", "Dash.Server\Dash.Server.csproj", "{6C448433-6ABF-4553-A4AC-D0A59192B450}"
EndProject
Project("{9A19103F-16F7-4668-BE54-9A1E7A4F7556}") = "Dash.Persistence", "Dash.Persistence\Dash.Persistence.csproj", "{684A1CA4-A676-4E5A-ACD9-7C43230A324D}"
EndProject
Project("{9A19103F-16F7-4668-BE54-9A1E7A4F7556}") = "Dash.Application", "Dash.Application\Dash.Application.csproj", "{782FF126-C643-4E75-96A2-B9E402A0D362}"
EndProject
Project("{9A19103F-16F7-4668-BE54-9A1E7A4F7556}") = "Dash.Infrastructure", "Dash.Infrastructure\Dash.Infrastructure.csproj", "{CF71B888-0DF5-4F78-903D-648D6F8E31E3}"
EndProject
Project("{FAE04EC0-301F-11D3-BF4B-00C04F79EFBC}") = "Dash.Abstractions", "Dash.Abstractions\Dash.Abstractions.csproj", "{B2BFD61A-423A-4978-88A0-863984B2965B}"
EndProject
Global
	GlobalSection(SolutionConfigurationPlatforms) = preSolution
		Debug|Any CPU = Debug|Any CPU
		Release|Any CPU = Release|Any CPU
	EndGlobalSection
	GlobalSection(ProjectConfigurationPlatforms) = postSolution
		{6C448433-6ABF-4553-A4AC-D0A59192B450}.Debug|Any CPU.ActiveCfg = Debug|Any CPU
		{6C448433-6ABF-4553-A4AC-D0A59192B450}.Debug|Any CPU.Build.0 = Debug|Any CPU
		{6C448433-6ABF-4553-A4AC-D0A59192B450}.Release|Any CPU.ActiveCfg = Release|Any CPU
		{6C448433-6ABF-4553-A4AC-D0A59192B450}.Release|Any CPU.Build.0 = Release|Any CPU
		{684A1CA4-A676-4E5A-ACD9-7C43230A324D}.Debug|Any CPU.ActiveCfg = Debug|Any CPU
		{684A1CA4-A676-4E5A-ACD9-7C43230A324D}.Debug|Any CPU.Build.0 = Debug|Any CPU
		{684A1CA4-A676-4E5A-ACD9-7C43230A324D}.Release|Any CPU.ActiveCfg = Release|Any CPU
		{684A1CA4-A676-4E5A-ACD9-7C43230A324D}.Release|Any CPU.Build.0 = Release|Any CPU
		{782FF126-C643-4E75-96A2-B9E402A0D362}.Debug|Any CPU.ActiveCfg = Debug|Any CPU
		{782FF126-C643-4E75-96A2-B9E402A0D362}.Debug|Any CPU.Build.0 = Debug|Any CPU
		{782FF126-C643-4E75-96A2-B9E402A0D362}.Release|Any CPU.ActiveCfg = Release|Any CPU
		{782FF126-C643-4E75-96A2-B9E402A0D362}.Release|Any CPU.Build.0 = Release|Any CPU
		{CF71B888-0DF5-4F78-903D-648D6F8E31E3}.Debug|Any CPU.ActiveCfg = Debug|Any CPU
		{CF71B888-0DF5-4F78-903D-648D6F8E31E3}.Debug|Any CPU.Build.0 = Debug|Any CPU
		{CF71B888-0DF5-4F78-903D-648D6F8E31E3}.Release|Any CPU.ActiveCfg = Release|Any CPU
		{CF71B888-0DF5-4F78-903D-648D6F8E31E3}.Release|Any CPU.Build.0 = Release|Any CPU
		{B2BFD61A-423A-4978-88A0-863984B2965B}.Debug|Any CPU.ActiveCfg = Debug|Any CPU
		{B2BFD61A-423A-4978-88A0-863984B2965B}.Debug|Any CPU.Build.0 = Debug|Any CPU
		{B2BFD61A-423A-4978-88A0-863984B2965B}.Release|Any CPU.ActiveCfg = Release|Any CPU
		{B2BFD61A-423A-4978-88A0-863984B2965B}.Release|Any CPU.Build.0 = Release|Any CPU
	EndGlobalSection
	GlobalSection(SolutionProperties) = preSolution
		HideSolutionNode = FALSE
	EndGlobalSection
	GlobalSection(ExtensibilityGlobals) = postSolution
		SolutionGuid = {DB021888-64B0-4D9E-A01B-3AC8FB799277}
	EndGlobalSection
EndGlobal
